version = 1
revision = 3
requires-python = "==3.13.*"

[[package]]
name = "arpeggio"
version = "2.0.3"
source = { registry = "https://pypi.org/simple" }
sdist = { url = "https://files.pythonhosted.org/packages/3b/58/ba011f3cf8291804ce80f9d81289ac15f0319a27f9d7e3c124aa5e4981cc/Arpeggio-2.0.3.tar.gz", hash = "sha256:9e85ad35cfc6c938676817c7ae9a1000a7c72a34c71db0c687136c460d12b85e", size = 766566, upload-time = "2025-09-12T12:45:20.594Z" }
wheels = [
    { url = "https://files.pythonhosted.org/packages/84/4d/53b8186b41842f7a5e971b1d1c28e678364dcf841e4170f5d14d38ac1e2a/Arpeggio-2.0.3-py2.py3-none-any.whl", hash = "sha256:9374d9c531b62018b787635f37fd81c9a6ee69ef2d28c5db3cd18791b1f7db2f", size = 54656, upload-time = "2025-09-12T12:45:17.971Z" },
]

[[package]]
name = "attrs"
version = "25.4.0"
source = { registry = "https://pypi.org/simple" }
sdist = { url = "https://files.pythonhosted.org/packages/6b/5c/685e6633917e101e5dcb62b9dd76946cbb57c26e133bae9e0cd36033c0a9/attrs-25.4.0.tar.gz", hash = "sha256:16d5969b87f0859ef33a48b35d55ac1be6e42ae49d5e853b597db70c35c57e11", size = 934251, upload-time = "2025-10-06T13:54:44.725Z" }
wheels = [
    { url = "https://files.pythonhosted.org/packages/3a/2a/7cc015f5b9f5db42b7d48157e23356022889fc354a2813c15934b7cb5c0e/attrs-25.4.0-py3-none-any.whl", hash = "sha256:adcf7e2a1fb3b36ac48d97835bb6d8ade15b8dcce26aba8bf1d14847b57a3373", size = 67615, upload-time = "2025-10-06T13:54:43.17Z" },
]

[[package]]
name = "debugpy"
version = "1.8.20"
source = { registry = "https://pypi.org/simple" }
sdist = { url = "https://files.pythonhosted.org/packages/e0/b7/cd8080344452e4874aae67c40d8940e2b4d47b01601a8fd9f44786c757c7/debugpy-1.8.20.tar.gz", hash = "sha256:55bc8701714969f1ab89a6d5f2f3d40c36f91b2cbe2f65d98bf8196f6a6a2c33", size = 1645207, upload-time = "2026-01-29T23:03:28.199Z" }
wheels = [
    { url = "https://files.pythonhosted.org/packages/15/e2/fc500524cc6f104a9d049abc85a0a8b3f0d14c0a39b9c140511c61e5b40b/debugpy-1.8.20-cp313-cp313-macosx_15_0_universal2.whl", hash = "sha256:5dff4bb27027821fdfcc9e8f87309a28988231165147c31730128b1c983e282a", size = 2539560, upload-time = "2026-01-29T23:03:48.738Z" },
    { url = "https://files.pythonhosted.org/packages/90/83/fb33dcea789ed6018f8da20c5a9bc9d82adc65c0c990faed43f7c955da46/debugpy-1.8.20-cp313-cp313-manylinux_2_34_x86_64.whl", hash = "sha256:84562982dd7cf5ebebfdea667ca20a064e096099997b175fe204e86817f64eaf", size = 4293272, upload-time = "2026-01-29T23:03:50.169Z" },
    { url = "https://files.pythonhosted.org/packages/a6/25/b1e4a01bfb824d79a6af24b99ef291e24189080c93576dfd9b1a2815cd0f/debugpy-1.8.20-cp313-cp313-win32.whl", hash = "sha256:da11dea6447b2cadbf8ce2bec59ecea87cc18d2c574980f643f2d2dfe4862393", size = 5331208, upload-time = "2026-01-29T23:03:51.547Z" },
    { url = "https://files.pythonhosted.org/packages/13/f7/a0b368ce54ffff9e9028c098bd2d28cfc5b54f9f6c186929083d4c60ba58/debugpy-1.8.20-cp313-cp313-win_amd64.whl", hash = "sha256:eb506e45943cab2efb7c6eafdd65b842f3ae779f020c82221f55aca9de135ed7", size = 5372930, upload-time = "2026-01-29T23:03:53.585Z" },
    { url = "https://files.pythonhosted.org/packages/e0/c3/7f67dea8ccf8fdcb9c99033bbe3e90b9e7395415843accb81428c441be2d/debugpy-1.8.20-py2.py3-none-any.whl", hash = "sha256:5be9bed9ae3be00665a06acaa48f8329d2b9632f15fd09f6a9a8c8d9907e54d7", size = 5337658, upload-time = "2026-01-29T23:04:17.404Z" },
]

[[package]]
name = "dill"
version = "0.4.1"
source = { registry = "https://pypi.org/simple" }
sdist = { url = "https://files.pythonhosted.org/packages/81/e1/56027a71e31b02ddc53c7d65b01e68edf64dea2932122fe7746a516f75d5/dill-0.4.1.tar.gz", hash = "sha256:423092df4182177d4d8ba8290c8a5b640c66ab35ec7da59ccfa00f6fa3eea5fa", size = 187315, upload-time = "2026-01-19T02:36:56.85Z" }
wheels = [
    { url = "https://files.pythonhosted.org/packages/1e/77/dc8c558f7593132cf8fefec57c4f60c83b16941c574ac5f619abb3ae7933/dill-0.4.1-py3-none-any.whl", hash = "sha256:1e1ce33e978ae97fcfcff5638477032b801c46c7c65cf717f95fbc2248f79a9d", size = 120019, upload-time = "2026-01-19T02:36:55.663Z" },
]

[[package]]
name = "frontend"
version = "1.0.0"
source = { virtual = "." }
dependencies = [
    { name = "pulumi" },
    { name = "pulumi-aws" },
    { name = "pulumi-command" },
]

[package.metadata]
requires-dist = [
    { name = "pulumi" },
    { name = "pulumi-aws" },
    { name = "pulumi-command" },
]

[[package]]
name = "googleapis-common-protos"
version = "1.73.0"
source = { registry = "https://pypi.org/simple" }
dependencies = [
    { name = "protobuf" },
]
sdist = { url = "https://files.pythonhosted.org/packages/99/96/a0205167fa0154f4a542fd6925bdc63d039d88dab3588b875078107e6f06/googleapis_common_protos-1.73.0.tar.gz", hash = "sha256:778d07cd4fbeff84c6f7c72102f0daf98fa2bfd3fa8bea426edc545588da0b5a", size = 147323, upload-time = "2026-03-06T21:53:09.727Z" }
wheels = [
    { url = "https://files.pythonhosted.org/packages/69/28/23eea8acd65972bbfe295ce3666b28ac510dfcb115fac089d3edb0feb00a/googleapis_common_protos-1.73.0-py3-none-any.whl", hash = "sha256:dfdaaa2e860f242046be561e6d6cb5c5f1541ae02cfbcb034371aadb2942b4e8", size = 297578, upload-time = "2026-03-06T21:52:33.933Z" },
]

[[package]]
name = "grpcio"
version = "1.78.0"
source = { registry = "https://pypi.org/simple" }
dependencies = [
    { name = "typing-extensions" },
]
sdist = { url = "https://files.pythonhosted.org/packages/06/8a/3d098f35c143a89520e568e6539cc098fcd294495910e359889ce8741c84/grpcio-1.78.0.tar.gz", hash = "sha256:7382b95189546f375c174f53a5fa873cef91c4b8005faa05cc5b3beea9c4f1c5", size = 12852416, upload-time = "2026-02-06T09:57:18.093Z" }
wheels = [
    { url = "https://files.pythonhosted.org/packages/05/a9/8f75894993895f361ed8636cd9237f4ab39ef87fd30db17467235ed1c045/grpcio-1.78.0-cp313-cp313-linux_armv7l.whl", hash = "sha256:ce3a90455492bf8bfa38e56fbbe1dbd4f872a3d8eeaf7337dc3b1c8aa28c271b", size = 5920143, upload-time = "2026-02-06T09:55:52.035Z" },
    { url = "https://files.pythonhosted.org/packages/55/06/0b78408e938ac424100100fd081189451b472236e8a3a1f6500390dc4954/grpcio-1.78.0-cp313-cp313-macosx_11_0_universal2.whl", hash = "sha256:2bf5e2e163b356978b23652c4818ce4759d40f4712ee9ec5a83c4be6f8c23a3a", size = 11803926, upload-time = "2026-02-06T09:55:55.494Z" },
    { url = "https://files.pythonhosted.org/packages/88/93/b59fe7832ff6ae3c78b813ea43dac60e295fa03606d14d89d2e0ec29f4f3/grpcio-1.78.0-cp313-cp313-manylinux2014_aarch64.manylinux_2_17_aarch64.whl", hash = "sha256:8f2ac84905d12918e4e55a16da17939eb63e433dc11b677267c35568aa63fc84", size = 6478628, upload-time = "2026-02-06T09:55:58.533Z" },
    { url = "https://files.pythonhosted.org/packages/ed/df/e67e3734527f9926b7d9c0dde6cd998d1d26850c3ed8eeec81297967ac67/grpcio-1.78.0-cp313-cp313-manylinux2014_i686.manylinux_2_17_i686.whl", hash = "sha256:b58f37edab4a3881bc6c9bca52670610e0c9ca14e2ea3cf9debf185b870457fb", size = 7173574, upload-time = "2026-02-06T09:56:01.786Z" },
    { url = "https://files.pythonhosted.org/packages/a6/62/cc03fffb07bfba982a9ec097b164e8835546980aec25ecfa5f9c1a47e022/grpcio-1.78.0-cp313-cp313-manylinux2014_x86_64.manylinux_2_17_x86_64.whl", hash = "sha256:735e38e176a88ce41840c21bb49098ab66177c64c82426e24e0082500cc68af5", size = 6692639, upload-time = "2026-02-06T09:56:04.529Z" },
    { url = "https://files.pythonhosted.org/packages/bf/9a/289c32e301b85bdb67d7ec68b752155e674ee3ba2173a1858f118e399ef3/grpcio-1.78.0-cp313-cp313-musllinux_1_2_aarch64.whl", hash = "sha256:2045397e63a7a0ee7957c25f7dbb36ddc110e0cfb418403d110c0a7a68a844e9", size = 7268838, upload-time = "2026-02-06T09:56:08.397Z" },
    { url = "https://files.pythonhosted.org/packages/0e/79/1be93f32add280461fa4773880196572563e9c8510861ac2da0ea0f892b6/grpcio-1.78.0-cp313-cp313-musllinux_1_2_i686.whl", hash = "sha256:a9f136fbafe7ccf4ac7e8e0c28b31066e810be52d6e344ef954a3a70234e1702", size = 8251878, upload-time = "2026-02-06T09:56:10.914Z" },
    { url = "https://files.pythonhosted.org/packages/65/65/793f8e95296ab92e4164593674ae6291b204bb5f67f9d4a711489cd30ffa/grpcio-1.78.0-cp313-cp313-musllinux_1_2_x86_64.whl", hash = "sha256:748b6138585379c737adc08aeffd21222abbda1a86a0dca2a39682feb9196c20", size = 7695412, upload-time = "2026-02-06T09:56:13.593Z" },
    { url = "https://files.pythonhosted.org/packages/1c/9f/1e233fe697ecc82845942c2822ed06bb522e70d6771c28d5528e4c50f6a4/grpcio-1.78.0-cp313-cp313-win32.whl", hash = "sha256:271c73e6e5676afe4fc52907686670c7cea22ab2310b76a59b678403ed40d670", size = 4064899, upload-time = "2026-02-06T09:56:15.601Z" },
    { url = "https://files.pythonhosted.org/packages/4d/27/d86b89e36de8a951501fb06a0f38df19853210f341d0b28f83f4aa0ffa08/grpcio-1.78.0-cp313-cp313-win_amd64.whl", hash = "sha256:f2d4e43ee362adfc05994ed479334d5a451ab7bc3f3fee1b796b8ca66895acb4", size = 4797393, upload-time = "2026-02-06T09:56:17.882Z" },
]

[[package]]
name = "importlib-metadata"
version = "8.7.1"
source = { registry = "https://pypi.org/simple" }
dependencies = [
    { name = "zipp" },
]
sdist = { url = "https://files.pythonhosted.org/packages/f3/49/3b30cad09e7771a4982d9975a8cbf64f00d4a1ececb53297f1d9a7be1b10/importlib_metadata-8.7.1.tar.gz", hash = "sha256:49fef1ae6440c182052f407c8d34a68f72efc36db9ca90dc0113398f2fdde8bb", size = 57107, upload-time = "2025-12-21T10:00:19.278Z" }
wheels = [
    { url = "https://files.pythonhosted.org/packages/fa/5e/f8e9a1d23b9c20a551a8a02ea3637b4642e22c2626e3a13a9a29cdea99eb/importlib_metadata-8.7.1-py3-none-any.whl", hash = "sha256:5a1f80bf1daa489495071efbb095d75a634cf28a8bc299581244063b53176151", size = 27865, upload-time = "2025-12-21T10:00:18.329Z" },
]

[[package]]
name = "opentelemetry-api"
version = "1.40.0"
source = { registry = "https://pypi.org/simple" }
dependencies = [
    { name = "importlib-metadata" },
    { name = "typing-extensions" },
]
sdist = { url = "https://files.pythonhosted.org/packages/2c/1d/4049a9e8698361cc1a1aa03a6c59e4fa4c71e0c0f94a30f988a6876a2ae6/opentelemetry_api-1.40.0.tar.gz", hash = "sha256:159be641c0b04d11e9ecd576906462773eb97ae1b657730f0ecf64d32071569f", size = 70851, upload-time = "2026-03-04T14:17:21.555Z" }
wheels = [
    { url = "https://files.pythonhosted.org/packages/5f/bf/93795954016c522008da367da292adceed71cca6ee1717e1d64c83089099/opentelemetry_api-1.40.0-py3-none-any.whl", hash = "sha256:82dd69331ae74b06f6a874704be0cfaa49a1650e1537d4a813b86ecef7d0ecf9", size = 68676, upload-time = "2026-03-04T14:17:01.24Z" },
]

[[package]]
name = "opentelemetry-exporter-otlp-proto-common"
version = "1.40.0"
source = { registry = "https://pypi.org/simple" }
dependencies = [
    { name = "opentelemetry-proto" },
]
sdist = { url = "https://files.pythonhosted.org/packages/51/bc/1559d46557fe6eca0b46c88d4c2676285f1f3be2e8d06bb5d15fbffc814a/opentelemetry_exporter_otlp_proto_common-1.40.0.tar.gz", hash = "sha256:1cbee86a4064790b362a86601ee7934f368b81cd4cc2f2e163902a6e7818a0fa", size = 20416, upload-time = "2026-03-04T14:17:23.801Z" }
wheels = [
    { url = "https://files.pythonhosted.org/packages/8b/ca/8f122055c97a932311a3f640273f084e738008933503d0c2563cd5d591fc/opentelemetry_exporter_otlp_proto_common-1.40.0-py3-none-any.whl", hash = "sha256:7081ff453835a82417bf38dccf122c827c3cbc94f2079b03bba02a3165f25149", size = 18369, upload-time = "2026-03-04T14:17:04.796Z" },
]

[[package]]
name = "opentelemetry-exporter-otlp-proto-grpc"
version = "1.40.0"
source = { registry = "https://pypi.org/simple" }
dependencies = [
    { name = "googleapis-common-protos" },
    { name = "grpcio" },
    { name = "opentelemetry-api" },
    { name = "opentelemetry-exporter-otlp-proto-common" },
    { name = "opentelemetry-proto" },
    { name = "opentelemetry-sdk" },
    { name = "typing-extensions" },
]
sdist = { url = "https://files.pythonhosted.org/packages/8f/7f/b9e60435cfcc7590fa87436edad6822240dddbc184643a2a005301cc31f4/opentelemetry_exporter_otlp_proto_grpc-1.40.0.tar.gz", hash = "sha256:bd4015183e40b635b3dab8da528b27161ba83bf4ef545776b196f0fb4ec47740", size = 25759, upload-time = "2026-03-04T14:17:24.4Z" }
wheels = [
    { url = "https://files.pythonhosted.org/packages/96/6f/7ee0980afcbdcd2d40362da16f7f9796bd083bf7f0b8e038abfbc0300f5d/opentelemetry_exporter_otlp_proto_grpc-1.40.0-py3-none-any.whl", hash = "sha256:2aa0ca53483fe0cf6405087a7491472b70335bc5c7944378a0a8e72e86995c52", size = 20304, upload-time = "2026-03-04T14:17:05.942Z" },
]

[[package]]
name = "opentelemetry-instrumentation"
version = "0.61b0"
source = { registry = "https://pypi.org/simple" }
dependencies = [
    { name = "opentelemetry-api" },
    { name = "opentelemetry-semantic-conventions" },
    { name = "packaging" },
    { name = "wrapt" },
]
sdist = { url = "https://files.pythonhosted.org/packages/da/37/6bf8e66bfcee5d3c6515b79cb2ee9ad05fe573c20f7ceb288d0e7eeec28c/opentelemetry_instrumentation-0.61b0.tar.gz", hash = "sha256:cb21b48db738c9de196eba6b805b4ff9de3b7f187e4bbf9a466fa170514f1fc7", size = 32606, upload-time = "2026-03-04T14:20:16.825Z" }
wheels = [
    { url = "https://files.pythonhosted.org/packages/d8/3e/f6f10f178b6316de67f0dfdbbb699a24fbe8917cf1743c1595fb9dcdd461/opentelemetry_instrumentation-0.61b0-py3-none-any.whl", hash = "sha256:92a93a280e69788e8f88391247cc530fd81f16f2b011979d4d6398f805cfbc63", size = 33448, upload-time = "2026-03-04T14:19:02.447Z" },
]

[[package]]
name = "opentelemetry-instrumentation-grpc"
version = "0.61b0"
source = { registry = "https://pypi.org/simple" }
dependencies = [
    { name = "opentelemetry-api" },
    { name = "opentelemetry-instrumentation" },
    { name = "opentelemetry-semantic-conventions" },
    { name = "wrapt" },
]
sdist = { url = "https://files.pythonhosted.org/packages/38/38/8c23bc3669fc0119452720171c35efac8c76a9587538e48007f0dde013ab/opentelemetry_instrumentation_grpc-0.61b0.tar.gz", hash = "sha256:47ad4ff31885153c7ae6b5c466a96a00977dff60d8f1f7281d4fa4bd1d113053", size = 31435, upload-time = "2026-03-04T14:20:34.094Z" }
wheels = [
    { url = "https://files.pythonhosted.org/packages/b6/47/1ffcd8fd36e1b7272884390d27f8d26a9c3c56da72627998822104079e13/opentelemetry_instrumentation_grpc-0.61b0-py3-none-any.whl", hash = "sha256:ec96eb28c7c904be9765e2a24402d6480c06506aac9a8fe08e2ae888866a01ee", size = 27237, upload-time = "2026-03-04T14:19:32.605Z" },
]

[[package]]
name = "opentelemetry-proto"
version = "1.40.0"
source = { registry = "https://pypi.org/simple" }
dependencies = [
    { name = "protobuf" },
]
sdist = { url = "https://files.pythonhosted.org/packages/4c/77/dd38991db037fdfce45849491cb61de5ab000f49824a00230afb112a4392/opentelemetry_proto-1.40.0.tar.gz", hash = "sha256:03f639ca129ba513f5819810f5b1f42bcb371391405d99c168fe6937c62febcd", size = 45667, upload-time = "2026-03-04T14:17:31.194Z" }
wheels = [
    { url = "https://files.pythonhosted.org/packages/b9/b2/189b2577dde745b15625b3214302605b1353436219d42b7912e77fa8dc24/opentelemetry_proto-1.40.0-py3-none-any.whl", hash = "sha256:266c4385d88923a23d63e353e9761af0f47a6ed0d486979777fe4de59dc9b25f", size = 72073, upload-time = "2026-03-04T14:17:16.673Z" },
]

[[package]]
name = "opentelemetry-sdk"
version = "1.40.0"
source = { registry = "https://pypi.org/simple" }
dependencies = [
    { name = "opentelemetry-api" },
    { name = "opentelemetry-semantic-conventions" },
    { name = "typing-extensions" },
]
sdist = { url = "https://files.pythonhosted.org/packages/58/fd/3c3125b20ba18ce2155ba9ea74acb0ae5d25f8cd39cfd37455601b7955cc/opentelemetry_sdk-1.40.0.tar.gz", hash = "sha256:18e9f5ec20d859d268c7cb3c5198c8d105d073714db3de50b593b8c1345a48f2", size = 184252, upload-time = "2026-03-04T14:17:31.87Z" }
wheels = [
    { url = "https://files.pythonhosted.org/packages/2c/c5/6a852903d8bfac758c6dc6e9a68b015d3c33f2f1be5e9591e0f4b69c7e0a/opentelemetry_sdk-1.40.0-py3-none-any.whl", hash = "sha256:787d2154a71f4b3d81f20524a8ce061b7db667d24e46753f32a7bc48f1c1f3f1", size = 141951, upload-time = "2026-03-04T14:17:17.961Z" },
]

[[package]]
name = "opentelemetry-semantic-conventions"
version = "0.61b0"
source = { registry = "https://pypi.org/simple" }
dependencies = [
    { name = "opentelemetry-api" },
    { name = "typing-extensions" },
]
sdist = { url = "https://files.pythonhosted.org/packages/6d/c0/4ae7973f3c2cfd2b6e321f1675626f0dab0a97027cc7a297474c9c8f3d04/opentelemetry_semantic_conventions-0.61b0.tar.gz", hash = "sha256:072f65473c5d7c6dc0355b27d6c9d1a679d63b6d4b4b16a9773062cb7e31192a", size = 145755, upload-time = "2026-03-04T14:17:32.664Z" }
wheels = [
    { url = "https://files.pythonhosted.org/packages/b2/37/cc6a55e448deaa9b27377d087da8615a3416d8ad523d5960b78dbeadd02a/opentelemetry_semantic_conventions-0.61b0-py3-none-any.whl", hash = "sha256:fa530a96be229795f8cef353739b618148b0fe2b4b3f005e60e262926c4d38e2", size = 231621, upload-time = "2026-03-04T14:17:19.33Z" },
]

[[package]]
name = "packaging"
version = "26.0"
source = { registry = "https://pypi.org/simple" }
sdist = { url = "https://files.pythonhosted.org/packages/65/ee/299d360cdc32edc7d2cf530f3accf79c4fca01e96ffc950d8a52213bd8e4/packaging-26.0.tar.gz", hash = "sha256:00243ae351a257117b6a241061796684b084ed1c516a08c48a3f7e147a9d80b4", size = 143416, upload-time = "2026-01-21T20:50:39.064Z" }
wheels = [
    { url = "https://files.pythonhosted.org/packages/b7/b9/c538f279a4e237a006a2c98387d081e9eb060d203d8ed34467cc0f0b9b53/packaging-26.0-py3-none-any.whl", hash = "sha256:b36f1fef9334a5588b4166f8bcd26a14e521f2b55e6b9de3aaa80d3ff7a37529", size = 74366, upload-time = "2026-01-21T20:50:37.788Z" },
]

[[package]]
name = "parver"
version = "0.5"
source = { registry = "https://pypi.org/simple" }
dependencies = [
    { name = "arpeggio" },
    { name = "attrs" },
]
sdist = { url = "https://files.pythonhosted.org/packages/cc/e5/1c774688a90f0b76e872e30f6f1ba3f5e14056cd0d96a684047d4a986226/parver-0.5.tar.gz", hash = "sha256:b9fde1e6bb9ce9f07e08e9c4bea8d8825c5e78e18a0052d02e02bf9517eb4777", size = 26908, upload-time = "2023-10-03T21:06:54.506Z" }
wheels = [
    { url = "https://files.pythonhosted.org/packages/0f/4c/f98024021bef4d44dce3613feebd702c7ad8883f777ff8488384c59e9774/parver-0.5-py3-none-any.whl", hash = "sha256:2281b187276c8e8e3c15634f62287b2fb6fe0efe3010f739a6bd1e45fa2bf2b2", size = 15172, upload-time = "2023-10-03T21:06:52.796Z" },
]

[[package]]
name = "protobuf"
version = "6.33.5"
source = { registry = "https://pypi.org/simple" }
sdist = { url = "https://files.pythonhosted.org/packages/ba/25/7c72c307aafc96fa87062aa6291d9f7c94836e43214d43722e86037aac02/protobuf-6.33.5.tar.gz", hash = "sha256:6ddcac2a081f8b7b9642c09406bc6a4290128fce5f471cddd165960bb9119e5c", size = 444465, upload-time = "2026-01-29T21:51:33.494Z" }
wheels = [
    { url = "https://files.pythonhosted.org/packages/b1/79/af92d0a8369732b027e6d6084251dd8e782c685c72da161bd4a2e00fbabb/protobuf-6.33.5-cp310-abi3-win32.whl", hash = "sha256:d71b040839446bac0f4d162e758bea99c8251161dae9d0983a3b88dee345153b", size = 425769, upload-time = "2026-01-29T21:51:21.751Z" },
    { url = "https://files.pythonhosted.org/packages/55/75/bb9bc917d10e9ee13dee8607eb9ab963b7cf8be607c46e7862c748aa2af7/protobuf-6.33.5-cp310-abi3-win_amd64.whl", hash = "sha256:3093804752167bcab3998bec9f1048baae6e29505adaf1afd14a37bddede533c", size = 437118, upload-time = "2026-01-29T21:51:24.022Z" },
    { url = "https://files.pythonhosted.org/packages/a2/6b/e48dfc1191bc5b52950246275bf4089773e91cb5ba3592621723cdddca62/protobuf-6.33.5-cp39-abi3-macosx_10_9_universal2.whl", hash = "sha256:a5cb85982d95d906df1e2210e58f8e4f1e3cdc088e52c921a041f9c9a0386de5", size = 427766, upload-time = "2026-01-29T21:51:25.413Z" },
    { url = "https://files.pythonhosted.org/packages/4e/b1/c79468184310de09d75095ed1314b839eb2f72df71097db9d1404a1b2717/protobuf-6.33.5-cp39-abi3-manylinux2014_aarch64.whl", hash = "sha256:9b71e0281f36f179d00cbcb119cb19dec4d14a81393e5ea220f64b286173e190", size = 324638, upload-time = "2026-01-29T21:51:26.423Z" },
    { url = "https://files.pythonhosted.org/packages/c5/f5/65d838092fd01c44d16037953fd4c2cc851e783de9b8f02b27ec4ffd906f/protobuf-6.33.5-cp39-abi3-manylinux2014_s390x.whl", hash = "sha256:8afa18e1d6d20af15b417e728e9f60f3aa108ee76f23c3b2c07a2c3b546d3afd", size = 339411, upload-time = "2026-01-29T21:51:27.446Z" },
    { url = "https://files.pythonhosted.org/packages/9b/53/a9443aa3ca9ba8724fdfa02dd1887c1bcd8e89556b715cfbacca6b63dbec/protobuf-6.33.5-cp39-abi3-manylinux2014_x86_64.whl", hash = "sha256:cbf16ba3350fb7b889fca858fb215967792dc125b35c7976ca4818bee3521cf0", size = 323465, upload-time = "2026-01-29T21:51:28.925Z" },
    { url = "https://files.pythonhosted.org/packages/57/bf/2086963c69bdac3d7cff1cc7ff79b8ce5ea0bec6797a017e1be338a46248/protobuf-6.33.5-py3-none-any.whl", hash = "sha256:69915a973dd0f60f31a08b8318b73eab2bd6a392c79184b3612226b0a3f8ec02", size = 170687, upload-time = "2026-01-29T21:51:32.557Z" },
]

[[package]]
name = "pulumi"
version = "3.226.0"
source = { registry = "https://pypi.org/simple" }
dependencies = [
    { name = "debugpy" },
    { name = "dill" },
    { name = "grpcio" },
    { name = "opentelemetry-api" },
    { name = "opentelemetry-exporter-otlp-proto-grpc" },
    { name = "opentelemetry-instrumentation-grpc" },
    { name = "opentelemetry-sdk" },
    { name = "packaging" },
    { name = "protobuf" },
    { name = "pyyaml" },
    { name = "semver" },
]
wheels = [
    { url = "https://files.pythonhosted.org/packages/48/ae/6c93c0b47ae998a1ca2e6c8ae5aec5c6b5068d8005a68aa76a4d795bdf6a/pulumi-3.226.0-py3-none-any.whl", hash = "sha256:ad35faa3c67d8cc53908b9442fe32bdb7aa98dedfca4ae1b4791c0a44e32adb6", size = 393472, upload-time = "2026-03-12T15:53:59.271Z" },
]

[[package]]
name = "pulumi-aws"
version = "7.23.0"
source = { registry = "https://pypi.org/simple" }
dependencies = [
    { name = "parver" },
    { name = "pulumi" },
    { name = "semver" },
]
sdist = { url = "https://files.pythonhosted.org/packages/d0/5c/df89de14fadeaf7332e0cbbd8111390103892a5ab00ac378e0e6e90ac004/pulumi_aws-7.23.0.tar.gz", hash = "sha256:24e8a79d0affb50f95f7a38b8de35cb3a4869bb14c91d2446aeeb0ebfe53074f", size = 8826507, upload-time = "2026-03-12T13:54:50.807Z" }
wheels = [
    { url = "https://files.pythonhosted.org/packages/88/c7/6890f38b9ebdd2d5bfb6fffba5edc35783048d939bb8aa3f8abe2cf2a6ea/pulumi_aws-7.23.0-py3-none-any.whl", hash = "sha256:e4ad3e572c479fb18a3d9218b66ea8d97f60e26a9449f725acb99f52b26b0665", size = 11883431, upload-time = "2026-03-12T13:54:48.078Z" },
]

[[package]]
name = "pulumi-command"
version = "1.2.1"
source = { registry = "https://pypi.org/simple" }
dependencies = [
    { name = "parver" },
    { name = "pulumi" },
    { name = "semver" },
]
sdist = { url = "https://files.pythonhosted.org/packages/cf/56/b7f66c9d2e4536b24a5bbe4e743093c7cdd689343d86f020419f4897a88d/pulumi_command-1.2.1.tar.gz", hash = "sha256:cbc9281a6571701ac5db598dac0246a058875b62f28c40c7cc0fcdc36898918d", size = 33022, upload-time = "2026-03-04T00:23:25.84Z" }
wheels = [
    { url = "https://files.pythonhosted.org/packages/fa/ce/1e5f30f868ba0827ca3311b0b171b12606e30c05e864714764d8d943fef1/pulumi_command-1.2.1-py3-none-any.whl", hash = "sha256:c7e465338e4363f114ddff99ee249260c7770ef4451b970ab51f7e8a37c9b030", size = 36861, upload-time = "2026-03-04T00:23:24.571Z" },
]

[[package]]
name = "pyyaml"
version = "6.0.3"
source = { registry = "https://pypi.org/simple" }
sdist = { url = "https://files.pythonhosted.org/packages/05/8e/961c0007c59b8dd7729d542c61a4d537767a59645b82a0b521206e1e25c2/pyyaml-6.0.3.tar.gz", hash = "sha256:d76623373421df22fb4cf8817020cbb7ef15c725b9d5e45f17e189bfc384190f", size = 130960, upload-time = "2025-09-25T21:33:16.546Z" }
wheels = [
    { url = "https://files.pythonhosted.org/packages/d1/11/0fd08f8192109f7169db964b5707a2f1e8b745d4e239b784a5a1dd80d1db/pyyaml-6.0.3-cp313-cp313-macosx_10_13_x86_64.whl", hash = "sha256:8da9669d359f02c0b91ccc01cac4a67f16afec0dac22c2ad09f46bee0697eba8", size = 181669, upload-time = "2025-09-25T21:32:23.673Z" },
    { url = "https://files.pythonhosted.org/packages/b1/16/95309993f1d3748cd644e02e38b75d50cbc0d9561d21f390a76242ce073f/pyyaml-6.0.3-cp313-cp313-macosx_11_0_arm64.whl", hash = "sha256:2283a07e2c21a2aa78d9c4442724ec1eb15f5e42a723b99cb3d822d48f5f7ad1", size = 173252, upload-time = "2025-09-25T21:32:25.149Z" },
    { url = "https://files.pythonhosted.org/packages/50/31/b20f376d3f810b9b2371e72ef5adb33879b25edb7a6d072cb7ca0c486398/pyyaml-6.0.3-cp313-cp313-manylinux2014_aarch64.manylinux_2_17_aarch64.manylinux_2_28_aarch64.whl", hash = "sha256:ee2922902c45ae8ccada2c5b501ab86c36525b883eff4255313a253a3160861c", size = 767081, upload-time = "2025-09-25T21:32:26.575Z" },
    { url = "https://files.pythonhosted.org/packages/49/1e/a55ca81e949270d5d4432fbbd19dfea5321eda7c41a849d443dc92fd1ff7/pyyaml-6.0.3-cp313-cp313-manylinux2014_s390x.manylinux_2_17_s390x.manylinux_2_28_s390x.whl", hash = "sha256:a33284e20b78bd4a18c8c2282d549d10bc8408a2a7ff57653c0cf0b9be0afce5", size = 841159, upload-time = "2025-09-25T21:32:27.727Z" },
    { url = "https://files.pythonhosted.org/packages/74/27/e5b8f34d02d9995b80abcef563ea1f8b56d20134d8f4e5e81733b1feceb2/pyyaml-6.0.3-cp313-cp313-manylinux2014_x86_64.manylinux_2_17_x86_64.manylinux_2_28_x86_64.whl", hash = "sha256:0f29edc409a6392443abf94b9cf89ce99889a1dd5376d94316ae5145dfedd5d6", size = 801626, upload-time = "2025-09-25T21:32:28.878Z" },
    { url = "https://files.pythonhosted.org/packages/f9/11/ba845c23988798f40e52ba45f34849aa8a1f2d4af4b798588010792ebad6/pyyaml-6.0.3-cp313-cp313-musllinux_1_2_aarch64.whl", hash = "sha256:f7057c9a337546edc7973c0d3ba84ddcdf0daa14533c2065749c9075001090e6", size = 753613, upload-time = "2025-09-25T21:32:30.178Z" },
    { url = "https://files.pythonhosted.org/packages/3d/e0/7966e1a7bfc0a45bf0a7fb6b98ea03fc9b8d84fa7f2229e9659680b69ee3/pyyaml-6.0.3-cp313-cp313-musllinux_1_2_x86_64.whl", hash = "sha256:eda16858a3cab07b80edaf74336ece1f986ba330fdb8ee0d6c0d68fe82bc96be", size = 794115, upload-time = "2025-09-25T21:32:31.353Z" },
    { url = "https://files.pythonhosted.org/packages/de/94/980b50a6531b3019e45ddeada0626d45fa85cbe22300844a7983285bed3b/pyyaml-6.0.3-cp313-cp313-win32.whl", hash = "sha256:d0eae10f8159e8fdad514efdc92d74fd8d682c933a6dd088030f3834bc8e6b26", size = 137427, upload-time = "2025-09-25T21:32:32.58Z" },
    { url = "https://files.pythonhosted.org/packages/97/c9/39d5b874e8b28845e4ec2202b5da735d0199dbe5b8fb85f91398814a9a46/pyyaml-6.0.3-cp313-cp313-win_amd64.whl", hash = "sha256:79005a0d97d5ddabfeeea4cf676af11e647e41d81c9a7722a193022accdb6b7c", size = 154090, upload-time = "2025-09-25T21:32:33.659Z" },
    { url = "https://files.pythonhosted.org/packages/73/e8/2bdf3ca2090f68bb3d75b44da7bbc71843b19c9f2b9cb9b0f4ab7a5a4329/pyyaml-6.0.3-cp313-cp313-win_arm64.whl", hash = "sha256:5498cd1645aa724a7c71c8f378eb29ebe23da2fc0d7a08071d89469bf1d2defb", size = 140246, upload-time = "2025-09-25T21:32:34.663Z" },
]

[[package]]
name = "semver"
version = "3.0.4"
source = { registry = "https://pypi.org/simple" }
sdist = { url = "https://files.pythonhosted.org/packages/72/d1/d3159231aec234a59dd7d601e9dd9fe96f3afff15efd33c1070019b26132/semver-3.0.4.tar.gz", hash = "sha256:afc7d8c584a5ed0a11033af086e8af226a9c0b206f313e0301f8dd7b6b589602", size = 269730, upload-time = "2025-01-24T13:19:27.617Z" }
wheels = [
    { url = "https://files.pythonhosted.org/packages/a6/24/4d91e05817e92e3a61c8a21e08fd0f390f5301f1c448b137c57c4bc6e543/semver-3.0.4-py3-none-any.whl", hash = "sha256:9c824d87ba7f7ab4a1890799cec8596f15c1241cb473404ea1cb0c55e4b04746", size = 17912, upload-time = "2025-01-24T13:19:24.949Z" },
]

[[package]]
name = "typing-extensions"
version = "4.15.0"
source = { registry = "https://pypi.org/simple" }
sdist = { url = "https://files.pythonhosted.org/packages/72/94/1a15dd82efb362ac84269196e94cf00f187f7ed21c242792a923cdb1c61f/typing_extensions-4.15.0.tar.gz", hash = "sha256:0cea48d173cc12fa28ecabc3b837ea3cf6f38c6d1136f85cbaaf598984861466", size = 109391, upload-time = "2025-08-25T13:49:26.313Z" }
wheels = [
    { url = "https://files.pythonhosted.org/packages/18/67/36e9267722cc04a6b9f15c7f3441c2363321a3ea07da7ae0c0707beb2a9c/typing_extensions-4.15.0-py3-none-any.whl", hash = "sha256:f0fa19c6845758ab08074a0cfa8b7aecb71c999ca73d62883bc25cc018c4e548", size = 44614, upload-time = "2025-08-25T13:49:24.86Z" },
]

[[package]]
name = "wrapt"
version = "1.17.3"
source = { registry = "https://pypi.org/simple" }
sdist = { url = "https://files.pythonhosted.org/packages/95/8f/aeb76c5b46e273670962298c23e7ddde79916cb74db802131d49a85e4b7d/wrapt-1.17.3.tar.gz", hash = "sha256:f66eb08feaa410fe4eebd17f2a2c8e2e46d3476e9f8c783daa8e09e0faa666d0", size = 55547, upload-time = "2025-08-12T05:53:21.714Z" }
wheels = [
    { url = "https://files.pythonhosted.org/packages/fc/f6/759ece88472157acb55fc195e5b116e06730f1b651b5b314c66291729193/wrapt-1.17.3-cp313-cp313-macosx_10_13_universal2.whl", hash = "sha256:a47681378a0439215912ef542c45a783484d4dd82bac412b71e59cf9c0e1cea0", size = 54003, upload-time = "2025-08-12T05:51:48.627Z" },
    { url = "https://files.pythonhosted.org/packages/4f/a9/49940b9dc6d47027dc850c116d79b4155f15c08547d04db0f07121499347/wrapt-1.17.3-cp313-cp313-macosx_10_13_x86_64.whl", hash = "sha256:54a30837587c6ee3cd1a4d1c2ec5d24e77984d44e2f34547e2323ddb4e22eb77", size = 39025, upload-time = "2025-08-12T05:51:37.156Z" },
    { url = "https://files.pythonhosted.org/packages/45/35/6a08de0f2c96dcdd7fe464d7420ddb9a7655a6561150e5fc4da9356aeaab/wrapt-1.17.3-cp313-cp313-macosx_11_0_arm64.whl", hash = "sha256:16ecf15d6af39246fe33e507105d67e4b81d8f8d2c6598ff7e3ca1b8a37213f7", size = 39108, upload-time = "2025-08-12T05:51:58.425Z" },
    { url = "https://files.pythonhosted.org/packages/0c/37/6faf15cfa41bf1f3dba80cd3f5ccc6622dfccb660ab26ed79f0178c7497f/wrapt-1.17.3-cp313-cp313-manylinux1_x86_64.manylinux_2_28_x86_64.manylinux_2_5_x86_64.whl", hash = "sha256:6fd1ad24dc235e4ab88cda009e19bf347aabb975e44fd5c2fb22a3f6e4141277", size = 88072, upload-time = "2025-08-12T05:52:37.53Z" },
    { url = "https://files.pythonhosted.org/packages/78/f2/efe19ada4a38e4e15b6dff39c3e3f3f73f5decf901f66e6f72fe79623a06/wrapt-1.17.3-cp313-cp313-manylinux2014_aarch64.manylinux_2_17_aarch64.manylinux_2_28_aarch64.whl", hash = "sha256:0ed61b7c2d49cee3c027372df5809a59d60cf1b6c2f81ee980a091f3afed6a2d", size = 88214, upload-time = "2025-08-12T05:52:15.886Z" },
    { url = "https://files.pythonhosted.org/packages/40/90/ca86701e9de1622b16e09689fc24b76f69b06bb0150990f6f4e8b0eeb576/wrapt-1.17.3-cp313-cp313-musllinux_1_2_aarch64.whl", hash = "sha256:423ed5420ad5f5529db9ce89eac09c8a2f97da18eb1c870237e84c5a5c2d60aa", size = 87105, upload-time = "2025-08-12T05:52:17.914Z" },
    { url = "https://files.pythonhosted.org/packages/fd/e0/d10bd257c9a3e15cbf5523025252cc14d77468e8ed644aafb2d6f54cb95d/wrapt-1.17.3-cp313-cp313-musllinux_1_2_x86_64.whl", hash = "sha256:e01375f275f010fcbf7f643b4279896d04e571889b8a5b3f848423d91bf07050", size = 87766, upload-time = "2025-08-12T05:52:39.243Z" },
    { url = "https://files.pythonhosted.org/packages/e8/cf/7d848740203c7b4b27eb55dbfede11aca974a51c3d894f6cc4b865f42f58/wrapt-1.17.3-cp313-cp313-win32.whl", hash = "sha256:53e5e39ff71b3fc484df8a522c933ea2b7cdd0d5d15ae82e5b23fde87d44cbd8", size = 36711, upload-time = "2025-08-12T05:53:10.074Z" },
    { url = "https://files.pythonhosted.org/packages/57/54/35a84d0a4d23ea675994104e667ceff49227ce473ba6a59ba2c84f250b74/wrapt-1.17.3-cp313-cp313-win_amd64.whl", hash = "sha256:1f0b2f40cf341ee8cc1a97d51ff50dddb9fcc73241b9143ec74b30fc4f44f6cb", size = 38885, upload-time = "2025-08-12T05:53:08.695Z" },
    { url = "https://files.pythonhosted.org/packages/01/77/66e54407c59d7b02a3c4e0af3783168fff8e5d61def52cda8728439d86bc/wrapt-1.17.3-cp313-cp313-win_arm64.whl", hash = "sha256:7425ac3c54430f5fc5e7b6f41d41e704db073309acfc09305816bc6a0b26bb16", size = 36896, upload-time = "2025-08-12T05:52:55.34Z" },
    { url = "https://files.pythonhosted.org/packages/1f/f6/a933bd70f98e9cf3e08167fc5cd7aaaca49147e48411c0bd5ae701bb2194/wrapt-1.17.3-py3-none-any.whl", hash = "sha256:7171ae35d2c33d326ac19dd8facb1e82e5fd04ef8c6c0e394d7af55a55051c22", size = 23591, upload-time = "2025-08-12T05:53:20.674Z" },
]

[[package]]
name = "zipp"
version = "3.23.0"
source = { registry = "https://pypi.org/simple" }
sdist = { url = "https://files.pythonhosted.org/packages/e3/02/0f2892c661036d50ede074e376733dca2ae7c6eb617489437771209d4180/zipp-3.23.0.tar.gz", hash = "sha256:a07157588a12518c9d4034df3fbbee09c814741a33ff63c05fa29d26a2404166", size = 25547, upload-time = "2025-06-08T17:06:39.4Z" }
wheels = [
    { url = "https://files.pythonhosted.org/packages/2e/54/647ade08bf0db230bfea292f893923872fd20be6ac6f53b2b936ba839d75/zipp-3.23.0-py3-none-any.whl", hash = "sha256:071652d6115ed432f5ce1d34c336c0adfd6a884660d1e9712a256d3d3bd4b14e", size = 10276, upload-time = "2025-06-08T17:06:38.034Z" },
]
